<?xml version="1.0" encoding="utf-8"?>
<Project ToolsVersion="4.0" xmlns="http://schemas.microsoft.com/developer/msbuild/2003">
  <ItemGroup>
    <Filter Include="ソース ファイル">
      <UniqueIdentifier>{4FC737F1-C7A5-4376-A066-2A32D752A2FF}</UniqueIdentifier>
      <Extensions>cpp;c;cc;cxx;c++;cppm;ixx;def;odl;idl;hpj;bat;asm;asmx</Extensions>
    </Filter>
    <Filter Include="ヘッダー ファイル">
      <UniqueIdentifier>{93995380-89BD-4b04-88EB-625FBE52EBFB}</UniqueIdentifier>
      <Extensions>h;hh;hpp;hxx;h++;hm;inl;inc;ipp;xsd</Extensions>
    </Filter>
    <Filter Include="リソース ファイル">
      <UniqueIdentifier>{67DA6AB6-F800-4c08-8B7A-83BB121AAD01}</UniqueIdentifier>
      <Extensions>rc;ico;cur;bmp;dlg;rc2;rct;bin;rgs;gif;jpg;jpeg;jpe;resx;tiff;tif;png;wav;mfcribbon-ms</Extensions>
    </Filter>
    <Filter Include="ソース ファイル\メイン">
      <UniqueIdentifier>{f91d151a-70ad-4e0c-bd7b-84ce223a6569}</UniqueIdentifier>
    </Filter>
    <Filter Include="ソース ファイル\画面切り替え">
      <UniqueIdentifier>{096b6bce-5063-4bf9-81af-12e9556e2044}</UniqueIdentifier>
    </Filter>
    <Filter Include="ソース ファイル\リザルト">
      <UniqueIdentifier>{7dceade0-9a22-4ecf-89c4-6804950f8465}</UniqueIdentifier>
    </Filter>
    <Filter Include="ヘッダー ファイル\リザルト">
      <UniqueIdentifier>{52a57416-09e7-4224-87a0-b666122bf6d0}</UniqueIdentifier>
    </Filter>
    <Filter Include="ヘッダー ファイル\画面切り替え">
      <UniqueIdentifier>{996d5db1-3a94-4580-8dba-86d5b9a22203}</UniqueIdentifier>
    </Filter>
    <Filter Include="ヘッダー ファイル\メイン">
      <UniqueIdentifier>{efcd530b-c3d7-43c9-8711-360664462f96}</UniqueIdentifier>
    </Filter>
    <Filter Include="ソース ファイル\エラー">
      <UniqueIdentifier>{b4c29b0e-cf50-4b38-9062-5593f92012a8}</UniqueIdentifier>
    </Filter>
    <Filter Include="ヘッダー ファイル\エラー">
      <UniqueIdentifier>{1861a71b-613d-44d0-9861-d45abc41208b}</UniqueIdentifier>
    </Filter>
  </ItemGroup>
  <ItemGroup>
    <ClCompile Include="main.cpp">
      <Filter>ソース ファイル</Filter>
    </ClCompile>
    <ClCompile Include="Vec2.cpp">
      <Filter>ソース ファイル</Filter>
    </ClCompile>
    <ClCompile Include="SceneTitle.cpp">
      <Filter>ソース ファイル</Filter>
    </ClCompile>
    <ClCompile Include="SceneRule.cpp">
      <Filter>ソース ファイル</Filter>
    </ClCompile>
    <ClCompile Include="SceneMainLevel1.cpp">
      <Filter>ソース ファイル\メイン</Filter>
    </ClCompile>
    <ClCompile Include="SceneMainLevel2.cpp">
      <Filter>ソース ファイル\メイン</Filter>
    </ClCompile>
    <ClCompile Include="SceneMainLevel3.cpp">
      <Filter>ソース ファイル\メイン</Filter>
    </ClCompile>
    <ClCompile Include="SceneClear1.cpp">
      <Filter>ソース ファイル\リザルト</Filter>
    </ClCompile>
    <ClCompile Include="SceneClear2.cpp">
      <Filter>ソース ファイル\リザルト</Filter>
    </ClCompile>
    <ClCompile Include="SceneClear3.cpp">
      <Filter>ソース ファイル\リザルト</Filter>
    </ClCompile>
    <ClCompile Include="SceneBase.cpp">
      <Filter>ソース ファイル\画面切り替え</Filter>
    </ClCompile>
    <ClCompile Include="SceneManaer.cpp">
      <Filter>ソース ファイル\画面切り替え</Filter>
    </ClCompile>
    <ClCompile Include="SceneFail.cpp">
      <Filter>ソース ファイル\リザルト</Filter>
    </ClCompile>
    <ClCompile Include="SceneError.cpp">
      <Filter>ソース ファイル\エラー</Filter>
    </ClCompile>
    <ClCompile Include="SceneErrorTitle.cpp">
      <Filter>ソース ファイル\エラー</Filter>
    </ClCompile>
    <ClCompile Include="SceneErrorRule.cpp">
      <Filter>ソース ファイル\エラー</Filter>
    </ClCompile>
    <ClCompile Include="SceneErrorMain.cpp">
      <Filter>ソース ファイル\エラー</Filter>
    </ClCompile>
  </ItemGroup>
  <ItemGroup>
    <ClInclude Include="game.h">
      <Filter>ヘッダー ファイル</Filter>
    </ClInclude>
    <ClInclude Include="Vec2.h">
      <Filter>ヘッダー ファイル</Filter>
    </ClInclude>
    <ClInclude Include="SceneTitle.h">
      <Filter>ヘッダー ファイル</Filter>
    </ClInclude>
    <ClInclude Include="SceneRule.h">
      <Filter>ヘッダー ファイル</Filter>
    </ClInclude>
    <ClInclude Include="SceneBase.h">
      <Filter>ヘッダー ファイル\画面切り替え</Filter>
    </ClInclude>
    <ClInclude Include="SceneClear3.h">
      <Filter>ヘッダー ファイル\リザルト</Filter>
    </ClInclude>
    <ClInclude Include="SceneClear1.h">
      <Filter>ヘッダー ファイル\リザルト</Filter>
    </ClInclude>
    <ClInclude Include="SceneClear2.h">
      <Filter>ヘッダー ファイル\リザルト</Filter>
    </ClInclude>
    <ClInclude Include="SceneMainLevel1.h">
      <Filter>ヘッダー ファイル\メイン</Filter>
    </ClInclude>
    <ClInclude Include="SceneMainLevel2.h">
      <Filter>ヘッダー ファイル\メイン</Filter>
    </ClInclude>
    <ClInclude Include="SceneMainLevel3.h">
      <Filter>ヘッダー ファイル\メイン</Filter>
    </ClInclude>
    <ClInclude Include="SceneFail.h">
      <Filter>ヘッダー ファイル\リザルト</Filter>
    </ClInclude>
    <ClInclude Include="SceneManager.h">
      <Filter>ヘッダー ファイル\画面切り替え</Filter>
    </ClInclude>
    <ClInclude Include="SceneError.h">
      <Filter>ヘッダー ファイル\エラー</Filter>
    </ClInclude>
    <ClInclude Include="SceneErrorTitle.h">
      <Filter>ヘッダー ファイル\エラー</Filter>
    </ClInclude>
    <ClInclude Include="SceneErrorRule.h">
      <Filter>ヘッダー ファイル\エラー</Filter>
    </ClInclude>
    <ClInclude Include="SceneErrorMain.h">
      <Filter>ヘッダー ファイル\エラー</Filter>
    </ClInclude>
  </ItemGroup>
</Project>